
Microsoft Visual Studio Solution File, Format Version 12.00
# Visual Studio 2013
VisualStudioVersion = 12.0.21005.1
MinimumVisualStudioVersion = 10.0.40219.1
Project("{2150E333-8FDC-42A3-9474-1A3956D46DE8}") = "Core", "Core", "{A5DDE29A-E3A8-4394-BBEF-AFFA62E22E94}"
EndProject
Project("{2150E333-8FDC-42A3-9474-1A3956D46DE8}") = "Infrastructure", "Infrastructure", "{EC3E2954-4209-47D7-9FC9-5BFCD50DD164}"
EndProject
Project("{2150E333-8FDC-42A3-9474-1A3956D46DE8}") = "Presentation", "Presentation", "{6DE0B7E0-6E4D-49D3-B923-0B0BC143AC18}"
EndProject
Project("{2150E333-8FDC-42A3-9474-1A3956D46DE8}") = "Application", "Application", "{DE4A0A12-2B29-4DFC-9BB2-3F35882D13F5}"
EndProject
Project("{2150E333-8FDC-42A3-9474-1A3956D46DE8}") = "MahApps", "MahApps", "{D0DCABB9-0F6D-4A6E-BAF6-046DC90935EC}"
EndProject
Project("{FAE04EC0-301F-11D3-BF4B-00C04F79EFBC}") = "XIMALAYA.PCDesktop", "Application\XIMALAYA.PCDesktop\XIMALAYA.PCDesktop.csproj", "{98C17B66-6270-4F5B-BEFC-D77123A57C46}"
EndProject
Project("{FAE04EC0-301F-11D3-BF4B-00C04F79EFBC}") = "XIMALAYA.PCDesktop.Tools", "Infrastructure\XIMALAYA.PCDesktop.Tools\XIMALAYA.PCDesktop.Tools.csproj", "{9D9640F0-2C41-4788-B2A3-98CB380F0C2A}"
EndProject
Project("{FAE04EC0-301F-11D3-BF4B-00C04F79EFBC}") = "XIMALAYA.PCDesktop.Controls", "Infrastructure\XIMALAYA.PCDesktop.Controls\XIMALAYA.PCDesktop.Controls.csproj", "{2C350040-B5AB-486B-A269-D8CF73BF6A4A}"
EndProject
Project("{FAE04EC0-301F-11D3-BF4B-00C04F79EFBC}") = "XIMALAYA.PCDesktop.Modules.Settings", "Presentation\XIMALAYA.PCDesktop.Modules.Settings\XIMALAYA.PCDesktop.Modules.Settings.csproj", "{154E4A19-21FC-4776-93EF-F6F667788758}"
EndProject
Project("{FAE04EC0-301F-11D3-BF4B-00C04F79EFBC}") = "XIMALAYA.PCDesktop.Modules.MusicPlayer", "Presentation\XIMALAYA.PCDesktop.Modules.MusicPlayer\XIMALAYA.PCDesktop.Modules.MusicPlayer.csproj", "{AB7A792A-0B4F-447C-9D18-FFED566EACF6}"
EndProject
Project("{FAE04EC0-301F-11D3-BF4B-00C04F79EFBC}") = "XIMALAYA.PCDesktop.Tools.Player", "Infrastructure\XIMALAYA.PCDesktop.Tools.Player\XIMALAYA.PCDesktop.Tools.Player.csproj", "{5E0B8F92-6C9B-4AF2-B421-FD9DA5793E49}"
EndProject
Project("{FAE04EC0-301F-11D3-BF4B-00C04F79EFBC}") = "XIMALAYA.PCDesktop.Events", "Presentation\XIMALAYA.PCDesktop.Events\XIMALAYA.PCDesktop.Events.csproj", "{D36CA7A5-CED6-482D-A440-2E9F8F4D495E}"
EndProject
Project("{FAE04EC0-301F-11D3-BF4B-00C04F79EFBC}") = "XIMALAYA.PCDesktop.Modules.DiscoverPage", "Presentation\XIMALAYA.PCDesktop.Modules.DiscoverPage\XIMALAYA.PCDesktop.Modules.DiscoverPage.csproj", "{B59B5BFB-242B-4AB0-9E15-C8ABDCCBF6E0}"
EndProject
Project("{2150E333-8FDC-42A3-9474-1A3956D46DE8}") = "FluetJson-Net", "FluetJson-Net", "{55B3718D-1DE9-42D5-B690-25EFE541CCAD}"
EndProject
Project("{FAE04EC0-301F-11D3-BF4B-00C04F79EFBC}") = "FluentJson-Net", "Infrastructure\FluentJson\FluentJson-Net.csproj", "{E4CBC5EF-B060-458B-8AE7-C561AAFBE46E}"
EndProject
Project("{FAE04EC0-301F-11D3-BF4B-00C04F79EFBC}") = "XIMALAYA.PCDesktop.Core.Data", "Core\XIMALAYA.PCDesktop.Core.Data\XIMALAYA.PCDesktop.Core.Data.csproj", "{FBF35816-8BAB-4645-8677-FDFE20726703}"
EndProject
Project("{FAE04EC0-301F-11D3-BF4B-00C04F79EFBC}") = "XIMALAYA.PCDesktop.Core.Models", "Core\XIMALAYA.PCDesktop.Core.Models\XIMALAYA.PCDesktop.Core.Models.csproj", "{03E13714-BC92-4A19-BB63-4D2ED1E9D783}"
EndProject
Project("{FAE04EC0-301F-11D3-BF4B-00C04F79EFBC}") = "XIMALAYA.PCDesktop.Core.Services", "Core\XIMALAYA.PCDesktop.Core.Services\XIMALAYA.PCDesktop.Core.Services.csproj", "{3C83B741-B0A3-4BFF-ADF4-A33CF7AF99E8}"
EndProject
Project("{FAE04EC0-301F-11D3-BF4B-00C04F79EFBC}") = "MahApps.Metro.Resources", "Infrastructure\MahApps.Metro\MahApps.Metro.Resources\MahApps.Metro.Resources.csproj", "{E708AC99-605B-42A0-8D20-ABCA8FE42DD2}"
EndProject
Project("{2150E333-8FDC-42A3-9474-1A3956D46DE8}") = "Prism", "Prism", "{BC82E415-6FC3-447F-891B-813D36875DD5}"
EndProject
Project("{FAE04EC0-301F-11D3-BF4B-00C04F79EFBC}") = "Prism.Desktop", "Infrastructure\Prism\Prism\Prism.Desktop.csproj", "{77138947-1D13-4E22-AEE0-5D0DD046CA34}"
EndProject
Project("{FAE04EC0-301F-11D3-BF4B-00C04F79EFBC}") = "Prism.Interactivity", "Infrastructure\Prism\Prism.Interactivity\Prism.Interactivity.csproj", "{DE856812-A32C-4866-801E-AF396D711942}"
EndProject
Project("{FAE04EC0-301F-11D3-BF4B-00C04F79EFBC}") = "Prism.MefExtensions.Desktop", "Infrastructure\Prism\Prism.MefExtensions\Prism.MefExtensions.Desktop.csproj", "{6ED61550-8E7A-42C6-9B30-380C6F97ED55}"
EndProject
Project("{FAE04EC0-301F-11D3-BF4B-00C04F79EFBC}") = "XIMALAYA.PCDesktop.Core.ParamsModel", "Core\XIMALAYA.PCDesktop.Core.ParamsModel\XIMALAYA.PCDesktop.Core.ParamsModel.csproj", "{D8A81297-8C41-4388-B4E3-CD7272B94E2C}"
EndProject
Project("{FAE04EC0-301F-11D3-BF4B-00C04F79EFBC}") = "XIMALAYA.PCDesktop.Modules.SoundListModule", "Presentation\XIMALAYA.PCDesktop.Modules.SoundListModule\XIMALAYA.PCDesktop.Modules.SoundListModule.csproj", "{B5B78639-4AFE-45D5-BE38-62EA60BAFE3D}"
EndProject
Project("{FAE04EC0-301F-11D3-BF4B-00C04F79EFBC}") = "XIMALAYA.PCDesktop.Modules.AlbumListModule", "Presentation\XIMALAYA.PCDesktop.Modules.AlbumListModule\XIMALAYA.PCDesktop.Modules.AlbumListModule.csproj", "{17E41C28-B6D2-4F56-B22C-8CA094222D87}"
EndProject
Project("{FAE04EC0-301F-11D3-BF4B-00C04F79EFBC}") = "MahApps.Metro.NET45", "Infrastructure\MahApps.Metro\MahApps.Metro\MahApps.Metro.NET45.csproj", "{942D11C4-29F5-46C4-8C14-4B976D56C637}"
EndProject
Project("{FAE04EC0-301F-11D3-BF4B-00C04F79EFBC}") = "XIMALAYA.PCDesktop.Cache", "XIMALAYA.PCDesktop.Cache\XIMALAYA.PCDesktop.Cache.csproj", "{D0467CB5-7ECC-4167-9F48-F54A10F72113}"
EndProject
Project("{2150E333-8FDC-42A3-9474-1A3956D46DE8}") = "XIMALAYA", "XIMALAYA", "{3C6A2C1F-FF7A-4F1A-9E7C-5458C27A37AD}"
EndProject
Project("{2150E333-8FDC-42A3-9474-1A3956D46DE8}") = "Test", "Test", "{AC0CF640-4493-49DD-880A-96B0D9FFC1CE}"
EndProject
Project("{FAE04EC0-301F-11D3-BF4B-00C04F79EFBC}") = "XIMALAYA.PCDesktop.NUnitTest", "Test\XIMALAYA.PCDesktop.NUnitTest\XIMALAYA.PCDesktop.NUnitTest.csproj", "{0C7B5AC5-457D-4150-85EB-44FE83C04DA3}"
EndProject
Project("{2150E333-8FDC-42A3-9474-1A3956D46DE8}") = ".nuget", ".nuget", "{84B5A423-6E36-4237-A2A7-F807582F4A00}"
	ProjectSection(SolutionItems) = preProject
		.nuget\packages.config = .nuget\packages.config
	EndProjectSection
EndProject
Global
	GlobalSection(SolutionConfigurationPlatforms) = preSolution
		Debug|Any CPU = Debug|Any CPU
		Release|Any CPU = Release|Any CPU
	EndGlobalSection
	GlobalSection(ProjectConfigurationPlatforms) = postSolution
		{98C17B66-6270-4F5B-BEFC-D77123A57C46}.Debug|Any CPU.ActiveCfg = Debug|Any CPU
		{98C17B66-6270-4F5B-BEFC-D77123A57C46}.Debug|Any CPU.Build.0 = Debug|Any CPU
		{98C17B66-6270-4F5B-BEFC-D77123A57C46}.Release|Any CPU.ActiveCfg = Release|Any CPU
		{98C17B66-6270-4F5B-BEFC-D77123A57C46}.Release|Any CPU.Build.0 = Release|Any CPU
		{9D9640F0-2C41-4788-B2A3-98CB380F0C2A}.Debug|Any CPU.ActiveCfg = Debug|Any CPU
		{9D9640F0-2C41-4788-B2A3-98CB380F0C2A}.Debug|Any CPU.Build.0 = Debug|Any CPU
		{9D9640F0-2C41-4788-B2A3-98CB380F0C2A}.Release|Any CPU.ActiveCfg = Release|Any CPU
		{9D9640F0-2C41-4788-B2A3-98CB380F0C2A}.Release|Any CPU.Build.0 = Release|Any CPU
		{2C350040-B5AB-486B-A269-D8CF73BF6A4A}.Debug|Any CPU.ActiveCfg = Debug|Any CPU
		{2C350040-B5AB-486B-A269-D8CF73BF6A4A}.Debug|Any CPU.Build.0 = Debug|Any CPU
		{2C350040-B5AB-486B-A269-D8CF73BF6A4A}.Release|Any CPU.ActiveCfg = Release|Any CPU
		{2C350040-B5AB-486B-A269-D8CF73BF6A4A}.Release|Any CPU.Build.0 = Release|Any CPU
		{154E4A19-21FC-4776-93EF-F6F667788758}.Debug|Any CPU.ActiveCfg = Debug|Any CPU
		{154E4A19-21FC-4776-93EF-F6F667788758}.Debug|Any CPU.Build.0 = Debug|Any CPU
		{154E4A19-21FC-4776-93EF-F6F667788758}.Release|Any CPU.ActiveCfg = Release|Any CPU
		{154E4A19-21FC-4776-93EF-F6F667788758}.Release|Any CPU.Build.0 = Release|Any CPU
		{AB7A792A-0B4F-447C-9D18-FFED566EACF6}.Debug|Any CPU.ActiveCfg = Debug|Any CPU
		{AB7A792A-0B4F-447C-9D18-FFED566EACF6}.Debug|Any CPU.Build.0 = Debug|Any CPU
		{AB7A792A-0B4F-447C-9D18-FFED566EACF6}.Release|Any CPU.ActiveCfg = Release|Any CPU
		{AB7A792A-0B4F-447C-9D18-FFED566EACF6}.Release|Any CPU.Build.0 = Release|Any CPU
		{5E0B8F92-6C9B-4AF2-B421-FD9DA5793E49}.Debug|Any CPU.ActiveCfg = Debug|Any CPU
		{5E0B8F92-6C9B-4AF2-B421-FD9DA5793E49}.Debug|Any CPU.Build.0 = Debug|Any CPU
		{5E0B8F92-6C9B-4AF2-B421-FD9DA5793E49}.Release|Any CPU.ActiveCfg = Release|Any CPU
		{5E0B8F92-6C9B-4AF2-B421-FD9DA5793E49}.Release|Any CPU.Build.0 = Release|Any CPU
		{D36CA7A5-CED6-482D-A440-2E9F8F4D495E}.Debug|Any CPU.ActiveCfg = Debug|Any CPU
		{D36CA7A5-CED6-482D-A440-2E9F8F4D495E}.Debug|Any CPU.Build.0 = Debug|Any CPU
		{D36CA7A5-CED6-482D-A440-2E9F8F4D495E}.Release|Any CPU.ActiveCfg = Release|Any CPU
		{D36CA7A5-CED6-482D-A440-2E9F8F4D495E}.Release|Any CPU.Build.0 = Release|Any CPU
		{B59B5BFB-242B-4AB0-9E15-C8ABDCCBF6E0}.Debug|Any CPU.ActiveCfg = Debug|Any CPU
		{B59B5BFB-242B-4AB0-9E15-C8ABDCCBF6E0}.Debug|Any CPU.Build.0 = Debug|Any CPU
		{B59B5BFB-242B-4AB0-9E15-C8ABDCCBF6E0}.Release|Any CPU.ActiveCfg = Release|Any CPU
		{B59B5BFB-242B-4AB0-9E15-C8ABDCCBF6E0}.Release|Any CPU.Build.0 = Release|Any CPU
		{E4CBC5EF-B060-458B-8AE7-C561AAFBE46E}.Debug|Any CPU.ActiveCfg = Debug|Any CPU
		{E4CBC5EF-B060-458B-8AE7-C561AAFBE46E}.Debug|Any CPU.Build.0 = Debug|Any CPU
		{E4CBC5EF-B060-458B-8AE7-C561AAFBE46E}.Release|Any CPU.ActiveCfg = Release|Any CPU
		{E4CBC5EF-B060-458B-8AE7-C561AAFBE46E}.Release|Any CPU.Build.0 = Release|Any CPU
		{FBF35816-8BAB-4645-8677-FDFE20726703}.Debug|Any CPU.ActiveCfg = Debug|Any CPU
		{FBF35816-8BAB-4645-8677-FDFE20726703}.Debug|Any CPU.Build.0 = Debug|Any CPU
		{FBF35816-8BAB-4645-8677-FDFE20726703}.Release|Any CPU.ActiveCfg = Release|Any CPU
		{FBF35816-8BAB-4645-8677-FDFE20726703}.Release|Any CPU.Build.0 = Release|Any CPU
		{03E13714-BC92-4A19-BB63-4D2ED1E9D783}.Debug|Any CPU.ActiveCfg = Debug|Any CPU
		{03E13714-BC92-4A19-BB63-4D2ED1E9D783}.Debug|Any CPU.Build.0 = Debug|Any CPU
		{03E13714-BC92-4A19-BB63-4D2ED1E9D783}.Release|Any CPU.ActiveCfg = Release|Any CPU
		{03E13714-BC92-4A19-BB63-4D2ED1E9D783}.Release|Any CPU.Build.0 = Release|Any CPU
		{3C83B741-B0A3-4BFF-ADF4-A33CF7AF99E8}.Debug|Any CPU.ActiveCfg = Debug|Any CPU
		{3C83B741-B0A3-4BFF-ADF4-A33CF7AF99E8}.Debug|Any CPU.Build.0 = Debug|Any CPU
		{3C83B741-B0A3-4BFF-ADF4-A33CF7AF99E8}.Release|Any CPU.ActiveCfg = Release|Any CPU
		{3C83B741-B0A3-4BFF-ADF4-A33CF7AF99E8}.Release|Any CPU.Build.0 = Release|Any CPU
		{E708AC99-605B-42A0-8D20-ABCA8FE42DD2}.Debug|Any CPU.ActiveCfg = Debug|Any CPU
		{E708AC99-605B-42A0-8D20-ABCA8FE42DD2}.Debug|Any CPU.Build.0 = Debug|Any CPU
		{E708AC99-605B-42A0-8D20-ABCA8FE42DD2}.Release|Any CPU.ActiveCfg = Release|Any CPU
		{E708AC99-605B-42A0-8D20-ABCA8FE42DD2}.Release|Any CPU.Build.0 = Release|Any CPU
		{77138947-1D13-4E22-AEE0-5D0DD046CA34}.Debug|Any CPU.ActiveCfg = Debug|Any CPU
		{77138947-1D13-4E22-AEE0-5D0DD046CA34}.Debug|Any CPU.Build.0 = Debug|Any CPU
		{77138947-1D13-4E22-AEE0-5D0DD046CA34}.Release|Any CPU.ActiveCfg = Release|Any CPU
		{77138947-1D13-4E22-AEE0-5D0DD046CA34}.Release|Any CPU.Build.0 = Release|Any CPU
		{DE856812-A32C-4866-801E-AF396D711942}.Debug|Any CPU.ActiveCfg = Debug|Any CPU
		{DE856812-A32C-4866-801E-AF396D711942}.Debug|Any CPU.Build.0 = Debug|Any CPU
		{DE856812-A32C-4866-801E-AF396D711942}.Release|Any CPU.ActiveCfg = Release|Any CPU
		{DE856812-A32C-4866-801E-AF396D711942}.Release|Any CPU.Build.0 = Release|Any CPU
		{6ED61550-8E7A-42C6-9B30-380C6F97ED55}.Debug|Any CPU.ActiveCfg = Debug|Any CPU
		{6ED61550-8E7A-42C6-9B30-380C6F97ED55}.Debug|Any CPU.Build.0 = Debug|Any CPU
		{6ED61550-8E7A-42C6-9B30-380C6F97ED55}.Release|Any CPU.ActiveCfg = Release|Any CPU
		{6ED61550-8E7A-42C6-9B30-380C6F97ED55}.Release|Any CPU.Build.0 = Release|Any CPU
		{D8A81297-8C41-4388-B4E3-CD7272B94E2C}.Debug|Any CPU.ActiveCfg = Debug|Any CPU
		{D8A81297-8C41-4388-B4E3-CD7272B94E2C}.Debug|Any CPU.Build.0 = Debug|Any CPU
		{D8A81297-8C41-4388-B4E3-CD7272B94E2C}.Release|Any CPU.ActiveCfg = Release|Any CPU
		{D8A81297-8C41-4388-B4E3-CD7272B94E2C}.Release|Any CPU.Build.0 = Release|Any CPU
		{B5B78639-4AFE-45D5-BE38-62EA60BAFE3D}.Debug|Any CPU.ActiveCfg = Debug|Any CPU
		{B5B78639-4AFE-45D5-BE38-62EA60BAFE3D}.Debug|Any CPU.Build.0 = Debug|Any CPU
		{B5B78639-4AFE-45D5-BE38-62EA60BAFE3D}.Release|Any CPU.ActiveCfg = Release|Any CPU
		{B5B78639-4AFE-45D5-BE38-62EA60BAFE3D}.Release|Any CPU.Build.0 = Release|Any CPU
		{17E41C28-B6D2-4F56-B22C-8CA094222D87}.Debug|Any CPU.ActiveCfg = Debug|Any CPU
		{17E41C28-B6D2-4F56-B22C-8CA094222D87}.Debug|Any CPU.Build.0 = Debug|Any CPU
		{17E41C28-B6D2-4F56-B22C-8CA094222D87}.Release|Any CPU.ActiveCfg = Release|Any CPU
		{17E41C28-B6D2-4F56-B22C-8CA094222D87}.Release|Any CPU.Build.0 = Release|Any CPU
		{942D11C4-29F5-46C4-8C14-4B976D56C637}.Debug|Any CPU.ActiveCfg = Debug|Any CPU
		{942D11C4-29F5-46C4-8C14-4B976D56C637}.Debug|Any CPU.Build.0 = Debug|Any CPU
		{942D11C4-29F5-46C4-8C14-4B976D56C637}.Release|Any CPU.ActiveCfg = Release|Any CPU
		{942D11C4-29F5-46C4-8C14-4B976D56C637}.Release|Any CPU.Build.0 = Release|Any CPU
		{D0467CB5-7ECC-4167-9F48-F54A10F72113}.Debug|Any CPU.ActiveCfg = Debug|Any CPU
		{D0467CB5-7ECC-4167-9F48-F54A10F72113}.Debug|Any CPU.Build.0 = Debug|Any CPU
		{D0467CB5-7ECC-4167-9F48-F54A10F72113}.Release|Any CPU.ActiveCfg = Release|Any CPU
		{D0467CB5-7ECC-4167-9F48-F54A10F72113}.Release|Any CPU.Build.0 = Release|Any CPU
		{0C7B5AC5-457D-4150-85EB-44FE83C04DA3}.Debug|Any CPU.ActiveCfg = Debug|Any CPU
		{0C7B5AC5-457D-4150-85EB-44FE83C04DA3}.Debug|Any CPU.Build.0 = Debug|Any CPU
		{0C7B5AC5-457D-4150-85EB-44FE83C04DA3}.Release|Any CPU.ActiveCfg = Release|Any CPU
		{0C7B5AC5-457D-4150-85EB-44FE83C04DA3}.Release|Any CPU.Build.0 = Release|Any CPU
	EndGlobalSection
	GlobalSection(SolutionProperties) = preSolution
		HideSolutionNode = FALSE
	EndGlobalSection
	GlobalSection(NestedProjects) = preSolution
		{FBF35816-8BAB-4645-8677-FDFE20726703} = {A5DDE29A-E3A8-4394-BBEF-AFFA62E22E94}
		{03E13714-BC92-4A19-BB63-4D2ED1E9D783} = {A5DDE29A-E3A8-4394-BBEF-AFFA62E22E94}
		{3C83B741-B0A3-4BFF-ADF4-A33CF7AF99E8} = {A5DDE29A-E3A8-4394-BBEF-AFFA62E22E94}
		{D8A81297-8C41-4388-B4E3-CD7272B94E2C} = {A5DDE29A-E3A8-4394-BBEF-AFFA62E22E94}
		{D0DCABB9-0F6D-4A6E-BAF6-046DC90935EC} = {EC3E2954-4209-47D7-9FC9-5BFCD50DD164}
		{3C6A2C1F-FF7A-4F1A-9E7C-5458C27A37AD} = {EC3E2954-4209-47D7-9FC9-5BFCD50DD164}
		{55B3718D-1DE9-42D5-B690-25EFE541CCAD} = {EC3E2954-4209-47D7-9FC9-5BFCD50DD164}
		{BC82E415-6FC3-447F-891B-813D36875DD5} = {EC3E2954-4209-47D7-9FC9-5BFCD50DD164}
		{154E4A19-21FC-4776-93EF-F6F667788758} = {6DE0B7E0-6E4D-49D3-B923-0B0BC143AC18}
		{AB7A792A-0B4F-447C-9D18-FFED566EACF6} = {6DE0B7E0-6E4D-49D3-B923-0B0BC143AC18}
		{D36CA7A5-CED6-482D-A440-2E9F8F4D495E} = {6DE0B7E0-6E4D-49D3-B923-0B0BC143AC18}
		{B59B5BFB-242B-4AB0-9E15-C8ABDCCBF6E0} = {6DE0B7E0-6E4D-49D3-B923-0B0BC143AC18}
		{B5B78639-4AFE-45D5-BE38-62EA60BAFE3D} = {6DE0B7E0-6E4D-49D3-B923-0B0BC143AC18}
		{17E41C28-B6D2-4F56-B22C-8CA094222D87} = {6DE0B7E0-6E4D-49D3-B923-0B0BC143AC18}
		{98C17B66-6270-4F5B-BEFC-D77123A57C46} = {DE4A0A12-2B29-4DFC-9BB2-3F35882D13F5}
		{E708AC99-605B-42A0-8D20-ABCA8FE42DD2} = {D0DCABB9-0F6D-4A6E-BAF6-046DC90935EC}
		{942D11C4-29F5-46C4-8C14-4B976D56C637} = {D0DCABB9-0F6D-4A6E-BAF6-046DC90935EC}
		{2C350040-B5AB-486B-A269-D8CF73BF6A4A} = {3C6A2C1F-FF7A-4F1A-9E7C-5458C27A37AD}
		{5E0B8F92-6C9B-4AF2-B421-FD9DA5793E49} = {3C6A2C1F-FF7A-4F1A-9E7C-5458C27A37AD}
		{D0467CB5-7ECC-4167-9F48-F54A10F72113} = {3C6A2C1F-FF7A-4F1A-9E7C-5458C27A37AD}
		{9D9640F0-2C41-4788-B2A3-98CB380F0C2A} = {3C6A2C1F-FF7A-4F1A-9E7C-5458C27A37AD}
		{E4CBC5EF-B060-458B-8AE7-C561AAFBE46E} = {55B3718D-1DE9-42D5-B690-25EFE541CCAD}
		{77138947-1D13-4E22-AEE0-5D0DD046CA34} = {BC82E415-6FC3-447F-891B-813D36875DD5}
		{DE856812-A32C-4866-801E-AF396D711942} = {BC82E415-6FC3-447F-891B-813D36875DD5}
		{6ED61550-8E7A-42C6-9B30-380C6F97ED55} = {BC82E415-6FC3-447F-891B-813D36875DD5}
		{0C7B5AC5-457D-4150-85EB-44FE83C04DA3} = {AC0CF640-4493-49DD-880A-96B0D9FFC1CE}
	EndGlobalSection
EndGlobal
